
Microsoft Visual Studio Solution File, Format Version 12.00
# Visual Studio Version 17
VisualStudioVersion = 17.2.32616.157
MinimumVisualStudioVersion = 10.0.40219.1
Project("{9A19103F-16F7-4668-BE54-9A1E7A4F7556}") = "OpBancarias.Api.Core", "BankingOperationsAPI\OpBancarias.Api.Core.csproj", "{80C890D3-A2A0-489A-9D0A-0700B28C0309}"
EndProject
Project("{2150E333-8FDC-42A3-9474-1A3956D46DE8}") = "API", "API", "{AD4A916A-037E-4F0E-AFF6-712E9A6D0E91}"
EndProject
Project("{2150E333-8FDC-42A3-9474-1A3956D46DE8}") = "Biz", "Biz", "{0E26EAA9-D948-4528-8D6A-FA39CDC19471}"
EndProject
Project("{2150E333-8FDC-42A3-9474-1A3956D46DE8}") = "Data", "Data", "{BC29D24E-92D0-4F77-AD4B-E5E83B878C54}"
EndProject
Project("{2150E333-8FDC-42A3-9474-1A3956D46DE8}") = "OpBancarias.Clientes.Api", "OpBancarias.Clientes.Api", "{6F1695D9-5000-4CE9-A65E-D104622E5E0D}"
EndProject
Project("{2150E333-8FDC-42A3-9474-1A3956D46DE8}") = "OpBancarias.Cuentas.Api", "OpBancarias.Cuentas.Api", "{ACFA3AF5-3A01-49A1-9E85-59634B96B3FF}"
EndProject
Project("{2150E333-8FDC-42A3-9474-1A3956D46DE8}") = "OpBancarias.Movimientos.Api", "OpBancarias.Movimientos.Api", "{E0FE4999-F83B-4AF7-9CE0-832BC9F8E097}"
EndProject
Project("{2150E333-8FDC-42A3-9474-1A3956D46DE8}") = "OpBancarias.Clientes.Biz", "OpBancarias.Clientes.Biz", "{3E763735-1E39-4CE2-BACC-419546BDD56E}"
EndProject
Project("{2150E333-8FDC-42A3-9474-1A3956D46DE8}") = "OpBancarias.Cuentas.Biz", "OpBancarias.Cuentas.Biz", "{F52DB8DC-DA57-4FB7-AE96-9303C1970BF4}"
EndProject
Project("{2150E333-8FDC-42A3-9474-1A3956D46DE8}") = "OpBancarias.Movimientos.Biz", "OpBancarias.Movimientos.Biz", "{17374E5A-9FFE-4732-A0DB-18F8B007DE94}"
EndProject
Project("{2150E333-8FDC-42A3-9474-1A3956D46DE8}") = "OpBancarias.Data", "OpBancarias.Data", "{8E0116DF-C5F6-4138-AB65-A6ADE87134D6}"
EndProject
Project("{9A19103F-16F7-4668-BE54-9A1E7A4F7556}") = "OpBancarias.Movimientos.Api", "OpBancarias.Movimientos.Api\OpBancarias.Movimientos.Api.csproj", "{D39B05D5-5227-4B7F-86FA-EB3EEF9A2652}"
EndProject
Project("{9A19103F-16F7-4668-BE54-9A1E7A4F7556}") = "OpBancarias.Cuentas.Api", "OpBancarias.Cuentas.Api\OpBancarias.Cuentas.Api.csproj", "{5C265880-F137-4344-8583-8E259E60408F}"
EndProject
Project("{9A19103F-16F7-4668-BE54-9A1E7A4F7556}") = "OpBancarias.Clientes.Api", "OpBancarias.Clientes.Api\OpBancarias.Clientes.Api.csproj", "{5BF1175B-F016-45B5-886B-E825FB147CC3}"
EndProject
Project("{9A19103F-16F7-4668-BE54-9A1E7A4F7556}") = "OpBancarias.Cuentas.Biz", "OpBancarias.Cuentas.Biz\OpBancarias.Cuentas.Biz.csproj", "{8D7D9643-2B16-425E-B1F9-CD019ABE1914}"
EndProject
Project("{9A19103F-16F7-4668-BE54-9A1E7A4F7556}") = "OpBancarias.Movimientos.Biz", "OpBancarias.Movimientos.Biz\OpBancarias.Movimientos.Biz.csproj", "{ED704A66-877A-4D06-B9D6-E033AC8B5C45}"
EndProject
Project("{9A19103F-16F7-4668-BE54-9A1E7A4F7556}") = "OpBancarias.Clientes.Biz", "OpBancarias.Clientes.Biz\OpBancarias.Clientes.Biz.csproj", "{0592A23F-0EC9-44BF-AF25-C1C33B2511DD}"
EndProject
Project("{9A19103F-16F7-4668-BE54-9A1E7A4F7556}") = "OpBancarias.Data", "OpBancarias.Movimientos.Data\OpBancarias.Data.csproj", "{095C3475-3B74-4E4E-8623-23440A127432}"
EndProject
Project("{2150E333-8FDC-42A3-9474-1A3956D46DE8}") = "Tests", "Tests", "{05B18178-4529-4FE8-8544-F56B6B8308E0}"
EndProject
Project("{9A19103F-16F7-4668-BE54-9A1E7A4F7556}") = "OpBancarias.Data.Test", "OpBancarias.Data.Test\OpBancarias.Data.Test.csproj", "{24B9E568-F0AB-4530-BBC2-9873CC618359}"
EndProject
Project("{9A19103F-16F7-4668-BE54-9A1E7A4F7556}") = "OpBancarias.Core.Biz", "OpBancarias.Core.Biz\OpBancarias.Core.Biz.csproj", "{B1C6A38B-77F6-4A8B-89A3-7FA7D79FA433}"
EndProject
Project("{2150E333-8FDC-42A3-9474-1A3956D46DE8}") = "Tests", "Tests", "{1F8B5F99-66F0-400A-A703-AAF447A61E89}"
EndProject
Project("{9A19103F-16F7-4668-BE54-9A1E7A4F7556}") = "OpBancarias.Movimientos.Api.Tests", "OpBancarias.Movimientos.Api.Tests\OpBancarias.Movimientos.Api.Tests.csproj", "{B6543751-2174-4A29-A372-D6B9A1F5BFCE}"
EndProject
Project("{9A19103F-16F7-4668-BE54-9A1E7A4F7556}") = "OpBancarias.Api.Core.Tests", "OpBancarias.Api.Core.Tests\OpBancarias.Api.Core.Tests.csproj", "{25660DDA-F2BA-4624-974F-F055B122F89E}"
EndProject
Project("{9A19103F-16F7-4668-BE54-9A1E7A4F7556}") = "OpBancarias.Biz.Core.Tests", "OpBancarias.Biz.Core.Tests\OpBancarias.Biz.Core.Tests.csproj", "{9947BC33-4A3D-4516-B29E-34479EF757F8}"
EndProject
Project("{2150E333-8FDC-42A3-9474-1A3956D46DE8}") = "Tests", "Tests", "{24EFDE61-AFD6-46A2-976E-BFCF37E8A3DC}"
EndProject
Project("{9A19103F-16F7-4668-BE54-9A1E7A4F7556}") = "OpBancarias.Cuentas.Api.Tests", "OpBancarias.Cuentas.Api.Tests\OpBancarias.Cuentas.Api.Tests.csproj", "{A01A65E1-9BDD-4AC0-9C34-05B263776E79}"
EndProject
Project("{2150E333-8FDC-42A3-9474-1A3956D46DE8}") = "Tests", "Tests", "{3DE72189-CDCD-4CB8-A425-6053F94D648F}"
EndProject
Project("{9A19103F-16F7-4668-BE54-9A1E7A4F7556}") = "OpBancarias.Clientes.Api.Tests", "OpBancarias.Clientes.Api.Tests\OpBancarias.Clientes.Api.Tests.csproj", "{60C72716-0E18-40A2-AC41-AD304E6FA2EE}"
EndProject
Project("{2150E333-8FDC-42A3-9474-1A3956D46DE8}") = "ChallengeContent", "ChallengeContent", "{662ED37A-2E11-4556-A5B6-27C1C14AC2F1}"
	ProjectSection(SolutionItems) = preProject
		BaseDatos.sql = BaseDatos.sql
		OpBancarias.postman_collection.json = OpBancarias.postman_collection.json
	EndProjectSection
EndProject
Project("{2150E333-8FDC-42A3-9474-1A3956D46DE8}") = "OpBancarias.Usuarios.Api", "OpBancarias.Usuarios.Api", "{25BBCA35-07C7-4030-8F52-BE160692E1AF}"
EndProject
Project("{9A19103F-16F7-4668-BE54-9A1E7A4F7556}") = "OpBancarias.Usuarios.Api", "OpBancarias.Usuarios.Api\OpBancarias.Usuarios.Api.csproj", "{F3E72FDF-8D23-4C7C-99AC-9F7F1887C63C}"
EndProject
Project("{2150E333-8FDC-42A3-9474-1A3956D46DE8}") = "OpBancarias.Usuarios.Biz", "OpBancarias.Usuarios.Biz", "{A04FC707-5D85-447C-8C40-C89A059C5935}"
EndProject
Project("{9A19103F-16F7-4668-BE54-9A1E7A4F7556}") = "OpBancarias.Usuarios.Biz", "OpBancarias.Usuarios.Biz\OpBancarias.Usuarios.Biz.csproj", "{9ACD1D06-0575-4F5C-95DA-49E3CD724DE0}"
EndProject
Global
	GlobalSection(SolutionConfigurationPlatforms) = preSolution
		Debug|Any CPU = Debug|Any CPU
		Release|Any CPU = Release|Any CPU
	EndGlobalSection
	GlobalSection(ProjectConfigurationPlatforms) = postSolution
		{80C890D3-A2A0-489A-9D0A-0700B28C0309}.Debug|Any CPU.ActiveCfg = Debug|Any CPU
		{80C890D3-A2A0-489A-9D0A-0700B28C0309}.Debug|Any CPU.Build.0 = Debug|Any CPU
		{80C890D3-A2A0-489A-9D0A-0700B28C0309}.Release|Any CPU.ActiveCfg = Release|Any CPU
		{80C890D3-A2A0-489A-9D0A-0700B28C0309}.Release|Any CPU.Build.0 = Release|Any CPU
		{D39B05D5-5227-4B7F-86FA-EB3EEF9A2652}.Debug|Any CPU.ActiveCfg = Debug|Any CPU
		{D39B05D5-5227-4B7F-86FA-EB3EEF9A2652}.Debug|Any CPU.Build.0 = Debug|Any CPU
		{D39B05D5-5227-4B7F-86FA-EB3EEF9A2652}.Release|Any CPU.ActiveCfg = Release|Any CPU
		{D39B05D5-5227-4B7F-86FA-EB3EEF9A2652}.Release|Any CPU.Build.0 = Release|Any CPU
		{5C265880-F137-4344-8583-8E259E60408F}.Debug|Any CPU.ActiveCfg = Debug|Any CPU
		{5C265880-F137-4344-8583-8E259E60408F}.Debug|Any CPU.Build.0 = Debug|Any CPU
		{5C265880-F137-4344-8583-8E259E60408F}.Release|Any CPU.ActiveCfg = Release|Any CPU
		{5C265880-F137-4344-8583-8E259E60408F}.Release|Any CPU.Build.0 = Release|Any CPU
		{5BF1175B-F016-45B5-886B-E825FB147CC3}.Debug|Any CPU.ActiveCfg = Debug|Any CPU
		{5BF1175B-F016-45B5-886B-E825FB147CC3}.Debug|Any CPU.Build.0 = Debug|Any CPU
		{5BF1175B-F016-45B5-886B-E825FB147CC3}.Release|Any CPU.ActiveCfg = Release|Any CPU
		{5BF1175B-F016-45B5-886B-E825FB147CC3}.Release|Any CPU.Build.0 = Release|Any CPU
		{8D7D9643-2B16-425E-B1F9-CD019ABE1914}.Debug|Any CPU.ActiveCfg = Debug|Any CPU
		{8D7D9643-2B16-425E-B1F9-CD019ABE1914}.Debug|Any CPU.Build.0 = Debug|Any CPU
		{8D7D9643-2B16-425E-B1F9-CD019ABE1914}.Release|Any CPU.ActiveCfg = Release|Any CPU
		{8D7D9643-2B16-425E-B1F9-CD019ABE1914}.Release|Any CPU.Build.0 = Release|Any CPU
		{ED704A66-877A-4D06-B9D6-E033AC8B5C45}.Debug|Any CPU.ActiveCfg = Debug|Any CPU
		{ED704A66-877A-4D06-B9D6-E033AC8B5C45}.Debug|Any CPU.Build.0 = Debug|Any CPU
		{ED704A66-877A-4D06-B9D6-E033AC8B5C45}.Release|Any CPU.ActiveCfg = Release|Any CPU
		{ED704A66-877A-4D06-B9D6-E033AC8B5C45}.Release|Any CPU.Build.0 = Release|Any CPU
		{0592A23F-0EC9-44BF-AF25-C1C33B2511DD}.Debug|Any CPU.ActiveCfg = Debug|Any CPU
		{0592A23F-0EC9-44BF-AF25-C1C33B2511DD}.Debug|Any CPU.Build.0 = Debug|Any CPU
		{0592A23F-0EC9-44BF-AF25-C1C33B2511DD}.Release|Any CPU.ActiveCfg = Release|Any CPU
		{0592A23F-0EC9-44BF-AF25-C1C33B2511DD}.Release|Any CPU.Build.0 = Release|Any CPU
		{095C3475-3B74-4E4E-8623-23440A127432}.Debug|Any CPU.ActiveCfg = Debug|Any CPU
		{095C3475-3B74-4E4E-8623-23440A127432}.Debug|Any CPU.Build.0 = Debug|Any CPU
		{095C3475-3B74-4E4E-8623-23440A127432}.Release|Any CPU.ActiveCfg = Release|Any CPU
		{095C3475-3B74-4E4E-8623-23440A127432}.Release|Any CPU.Build.0 = Release|Any CPU
		{24B9E568-F0AB-4530-BBC2-9873CC618359}.Debug|Any CPU.ActiveCfg = Debug|Any CPU
		{24B9E568-F0AB-4530-BBC2-9873CC618359}.Debug|Any CPU.Build.0 = Debug|Any CPU
		{24B9E568-F0AB-4530-BBC2-9873CC618359}.Release|Any CPU.ActiveCfg = Release|Any CPU
		{24B9E568-F0AB-4530-BBC2-9873CC618359}.Release|Any CPU.Build.0 = Release|Any CPU
		{B1C6A38B-77F6-4A8B-89A3-7FA7D79FA433}.Debug|Any CPU.ActiveCfg = Debug|Any CPU
		{B1C6A38B-77F6-4A8B-89A3-7FA7D79FA433}.Debug|Any CPU.Build.0 = Debug|Any CPU
		{B1C6A38B-77F6-4A8B-89A3-7FA7D79FA433}.Release|Any CPU.ActiveCfg = Release|Any CPU
		{B1C6A38B-77F6-4A8B-89A3-7FA7D79FA433}.Release|Any CPU.Build.0 = Release|Any CPU
		{B6543751-2174-4A29-A372-D6B9A1F5BFCE}.Debug|Any CPU.ActiveCfg = Debug|Any CPU
		{B6543751-2174-4A29-A372-D6B9A1F5BFCE}.Debug|Any CPU.Build.0 = Debug|Any CPU
		{B6543751-2174-4A29-A372-D6B9A1F5BFCE}.Release|Any CPU.ActiveCfg = Release|Any CPU
		{B6543751-2174-4A29-A372-D6B9A1F5BFCE}.Release|Any CPU.Build.0 = Release|Any CPU
		{25660DDA-F2BA-4624-974F-F055B122F89E}.Debug|Any CPU.ActiveCfg = Debug|Any CPU
		{25660DDA-F2BA-4624-974F-F055B122F89E}.Debug|Any CPU.Build.0 = Debug|Any CPU
		{25660DDA-F2BA-4624-974F-F055B122F89E}.Release|Any CPU.ActiveCfg = Release|Any CPU
		{25660DDA-F2BA-4624-974F-F055B122F89E}.Release|Any CPU.Build.0 = Release|Any CPU
		{9947BC33-4A3D-4516-B29E-34479EF757F8}.Debug|Any CPU.ActiveCfg = Debug|Any CPU
		{9947BC33-4A3D-4516-B29E-34479EF757F8}.Debug|Any CPU.Build.0 = Debug|Any CPU
		{9947BC33-4A3D-4516-B29E-34479EF757F8}.Release|Any CPU.ActiveCfg = Release|Any CPU
		{9947BC33-4A3D-4516-B29E-34479EF757F8}.Release|Any CPU.Build.0 = Release|Any CPU
		{A01A65E1-9BDD-4AC0-9C34-05B263776E79}.Debug|Any CPU.ActiveCfg = Debug|Any CPU
		{A01A65E1-9BDD-4AC0-9C34-05B263776E79}.Debug|Any CPU.Build.0 = Debug|Any CPU
		{A01A65E1-9BDD-4AC0-9C34-05B263776E79}.Release|Any CPU.ActiveCfg = Release|Any CPU
		{A01A65E1-9BDD-4AC0-9C34-05B263776E79}.Release|Any CPU.Build.0 = Release|Any CPU
		{60C72716-0E18-40A2-AC41-AD304E6FA2EE}.Debug|Any CPU.ActiveCfg = Debug|Any CPU
		{60C72716-0E18-40A2-AC41-AD304E6FA2EE}.Debug|Any CPU.Build.0 = Debug|Any CPU
		{60C72716-0E18-40A2-AC41-AD304E6FA2EE}.Release|Any CPU.ActiveCfg = Release|Any CPU
		{60C72716-0E18-40A2-AC41-AD304E6FA2EE}.Release|Any CPU.Build.0 = Release|Any CPU
		{F3E72FDF-8D23-4C7C-99AC-9F7F1887C63C}.Debug|Any CPU.ActiveCfg = Debug|Any CPU
		{F3E72FDF-8D23-4C7C-99AC-9F7F1887C63C}.Debug|Any CPU.Build.0 = Debug|Any CPU
		{F3E72FDF-8D23-4C7C-99AC-9F7F1887C63C}.Release|Any CPU.ActiveCfg = Release|Any CPU
		{F3E72FDF-8D23-4C7C-99AC-9F7F1887C63C}.Release|Any CPU.Build.0 = Release|Any CPU
		{9ACD1D06-0575-4F5C-95DA-49E3CD724DE0}.Debug|Any CPU.ActiveCfg = Debug|Any CPU
		{9ACD1D06-0575-4F5C-95DA-49E3CD724DE0}.Debug|Any CPU.Build.0 = Debug|Any CPU
		{9ACD1D06-0575-4F5C-95DA-49E3CD724DE0}.Release|Any CPU.ActiveCfg = Release|Any CPU
		{9ACD1D06-0575-4F5C-95DA-49E3CD724DE0}.Release|Any CPU.Build.0 = Release|Any CPU
	EndGlobalSection
	GlobalSection(SolutionProperties) = preSolution
		HideSolutionNode = FALSE
	EndGlobalSection
	GlobalSection(NestedProjects) = preSolution
		{80C890D3-A2A0-489A-9D0A-0700B28C0309} = {AD4A916A-037E-4F0E-AFF6-712E9A6D0E91}
		{6F1695D9-5000-4CE9-A65E-D104622E5E0D} = {AD4A916A-037E-4F0E-AFF6-712E9A6D0E91}
		{ACFA3AF5-3A01-49A1-9E85-59634B96B3FF} = {AD4A916A-037E-4F0E-AFF6-712E9A6D0E91}
		{E0FE4999-F83B-4AF7-9CE0-832BC9F8E097} = {AD4A916A-037E-4F0E-AFF6-712E9A6D0E91}
		{3E763735-1E39-4CE2-BACC-419546BDD56E} = {0E26EAA9-D948-4528-8D6A-FA39CDC19471}
		{F52DB8DC-DA57-4FB7-AE96-9303C1970BF4} = {0E26EAA9-D948-4528-8D6A-FA39CDC19471}
		{17374E5A-9FFE-4732-A0DB-18F8B007DE94} = {0E26EAA9-D948-4528-8D6A-FA39CDC19471}
		{8E0116DF-C5F6-4138-AB65-A6ADE87134D6} = {BC29D24E-92D0-4F77-AD4B-E5E83B878C54}
		{D39B05D5-5227-4B7F-86FA-EB3EEF9A2652} = {E0FE4999-F83B-4AF7-9CE0-832BC9F8E097}
		{5C265880-F137-4344-8583-8E259E60408F} = {ACFA3AF5-3A01-49A1-9E85-59634B96B3FF}
		{5BF1175B-F016-45B5-886B-E825FB147CC3} = {6F1695D9-5000-4CE9-A65E-D104622E5E0D}
		{8D7D9643-2B16-425E-B1F9-CD019ABE1914} = {F52DB8DC-DA57-4FB7-AE96-9303C1970BF4}
		{ED704A66-877A-4D06-B9D6-E033AC8B5C45} = {17374E5A-9FFE-4732-A0DB-18F8B007DE94}
		{0592A23F-0EC9-44BF-AF25-C1C33B2511DD} = {3E763735-1E39-4CE2-BACC-419546BDD56E}
		{095C3475-3B74-4E4E-8623-23440A127432} = {8E0116DF-C5F6-4138-AB65-A6ADE87134D6}
		{05B18178-4529-4FE8-8544-F56B6B8308E0} = {BC29D24E-92D0-4F77-AD4B-E5E83B878C54}
		{24B9E568-F0AB-4530-BBC2-9873CC618359} = {05B18178-4529-4FE8-8544-F56B6B8308E0}
		{B1C6A38B-77F6-4A8B-89A3-7FA7D79FA433} = {0E26EAA9-D948-4528-8D6A-FA39CDC19471}
		{1F8B5F99-66F0-400A-A703-AAF447A61E89} = {E0FE4999-F83B-4AF7-9CE0-832BC9F8E097}
		{B6543751-2174-4A29-A372-D6B9A1F5BFCE} = {1F8B5F99-66F0-400A-A703-AAF447A61E89}
		{25660DDA-F2BA-4624-974F-F055B122F89E} = {AD4A916A-037E-4F0E-AFF6-712E9A6D0E91}
		{9947BC33-4A3D-4516-B29E-34479EF757F8} = {0E26EAA9-D948-4528-8D6A-FA39CDC19471}
		{24EFDE61-AFD6-46A2-976E-BFCF37E8A3DC} = {ACFA3AF5-3A01-49A1-9E85-59634B96B3FF}
		{A01A65E1-9BDD-4AC0-9C34-05B263776E79} = {24EFDE61-AFD6-46A2-976E-BFCF37E8A3DC}
		{3DE72189-CDCD-4CB8-A425-6053F94D648F} = {6F1695D9-5000-4CE9-A65E-D104622E5E0D}
		{60C72716-0E18-40A2-AC41-AD304E6FA2EE} = {3DE72189-CDCD-4CB8-A425-6053F94D648F}
		{25BBCA35-07C7-4030-8F52-BE160692E1AF} = {AD4A916A-037E-4F0E-AFF6-712E9A6D0E91}
		{F3E72FDF-8D23-4C7C-99AC-9F7F1887C63C} = {25BBCA35-07C7-4030-8F52-BE160692E1AF}
		{A04FC707-5D85-447C-8C40-C89A059C5935} = {0E26EAA9-D948-4528-8D6A-FA39CDC19471}
		{9ACD1D06-0575-4F5C-95DA-49E3CD724DE0} = {A04FC707-5D85-447C-8C40-C89A059C5935}
	EndGlobalSection
	GlobalSection(ExtensibilityGlobals) = postSolution
		SolutionGuid = {DFBE4945-DEA5-4924-AECD-CDCADACC6612}
	EndGlobalSection
EndGlobal
